// !$*UTF8*$!
{
	archiveVersion = 1;
	classes = {
	};
	objectVersion = 46;
	objects = {

/* Begin PBXBuildFile section */
		5D087A331B1D92FB00B9EC94 /* GameServiceAPI.swift in Sources */ = {isa = PBXBuildFile; fileRef = 5D087A321B1D92FB00B9EC94 /* GameServiceAPI.swift */; };
		5D0A9C451B20346000491A4C /* UploadServiceAPI.swift in Sources */ = {isa = PBXBuildFile; fileRef = 5D0A9C441B20346000491A4C /* UploadServiceAPI.swift */; };
		5D2357481BC422040013BE53 /* CatalogueServiceAPI.swift in Sources */ = {isa = PBXBuildFile; fileRef = 5D2357471BC422040013BE53 /* CatalogueServiceAPI.swift */; };
		5D270DEE1C99941600D24028 /* ABC.swift in Sources */ = {isa = PBXBuildFile; fileRef = 5D270DED1C99941600D24028 /* ABC.swift */; };
		5D63B2811C6E1F2600E7D8A5 /* Shephertz_App42_iOS_API.framework in Frameworks */ = {isa = PBXBuildFile; fileRef = 5D63B2801C6E1F2600E7D8A5 /* Shephertz_App42_iOS_API.framework */; };
		5D9781A61A43FF50000F1003 /* App42ServiceList.swift in Sources */ = {isa = PBXBuildFile; fileRef = 5D9781A51A43FF50000F1003 /* App42ServiceList.swift */; };
		5D9781A81A43FF94000F1003 /* App42Services.plist in Resources */ = {isa = PBXBuildFile; fileRef = 5D9781A71A43FF94000F1003 /* App42Services.plist */; };
		5D98F23C1A40603A004FE767 /* AppDelegate.swift in Sources */ = {isa = PBXBuildFile; fileRef = 5D98F23B1A40603A004FE767 /* AppDelegate.swift */; };
		5D98F2411A40603A004FE767 /* Main.storyboard in Resources */ = {isa = PBXBuildFile; fileRef = 5D98F23F1A40603A004FE767 /* Main.storyboard */; };
		5D98F2431A40603A004FE767 /* Images.xcassets in Resources */ = {isa = PBXBuildFile; fileRef = 5D98F2421A40603A004FE767 /* Images.xcassets */; };
		5D98F2461A40603A004FE767 /* LaunchScreen.xib in Resources */ = {isa = PBXBuildFile; fileRef = 5D98F2441A40603A004FE767 /* LaunchScreen.xib */; };
		5D98F2521A40603B004FE767 /* App42APISwiftSampleTests.swift in Sources */ = {isa = PBXBuildFile; fileRef = 5D98F2511A40603B004FE767 /* App42APISwiftSampleTests.swift */; };
		5D98F2621A406B2F004FE767 /* CoreTelephony.framework in Frameworks */ = {isa = PBXBuildFile; fileRef = 5D98F2611A406B2F004FE767 /* CoreTelephony.framework */; };
		5D98F2641A406B3B004FE767 /* SystemConfiguration.framework in Frameworks */ = {isa = PBXBuildFile; fileRef = 5D98F2631A406B3B004FE767 /* SystemConfiguration.framework */; };
		5DBAFA0A1BC531AF0085C22E /* MessageServiceAPI.swift in Sources */ = {isa = PBXBuildFile; fileRef = 5DBAFA091BC531AF0085C22E /* MessageServiceAPI.swift */; };
		5DD86B6F1A4812B100D6B84F /* UserServiceAPI.swift in Sources */ = {isa = PBXBuildFile; fileRef = 5DD86B6E1A4812B100D6B84F /* UserServiceAPI.swift */; };
		5DD9A1731A42BAA70045B5D9 /* CoreFoundation.framework in Frameworks */ = {isa = PBXBuildFile; fileRef = 5DD9A1721A42BAA70045B5D9 /* CoreFoundation.framework */; };
		5DFCFF511BC919B300075C6D /* AchievementServiceAPI.swift in Sources */ = {isa = PBXBuildFile; fileRef = 5DFCFF501BC919B300075C6D /* AchievementServiceAPI.swift */; };
		5DFCFF531BCA86F800075C6D /* TimerServiceAPI.swift in Sources */ = {isa = PBXBuildFile; fileRef = 5DFCFF521BCA86F800075C6D /* TimerServiceAPI.swift */; };
		D80D1F1D1BE095E500CB0F4C /* LoggingServiceAPI.swift in Sources */ = {isa = PBXBuildFile; fileRef = D80D1F1C1BE095E500CB0F4C /* LoggingServiceAPI.swift */; };
		D80D1F1F1BE0EF9700CB0F4C /* AvatarServiceAPI.swift in Sources */ = {isa = PBXBuildFile; fileRef = D80D1F1E1BE0EF9700CB0F4C /* AvatarServiceAPI.swift */; };
		D80D1F211BE0F71F00CB0F4C /* Image.png in Resources */ = {isa = PBXBuildFile; fileRef = D80D1F201BE0F71F00CB0F4C /* Image.png */; };
		D80D1F231BE152F100CB0F4C /* CustomCodeServiceAPI.swift in Sources */ = {isa = PBXBuildFile; fileRef = D80D1F221BE152F100CB0F4C /* CustomCodeServiceAPI.swift */; };
		D80D1F251BE1550A00CB0F4C /* EmailServiceAPI.swift in Sources */ = {isa = PBXBuildFile; fileRef = D80D1F241BE1550A00CB0F4C /* EmailServiceAPI.swift */; };
		D80D1F271BE163A100CB0F4C /* EventServiceAPI.swift in Sources */ = {isa = PBXBuildFile; fileRef = D80D1F261BE163A100CB0F4C /* EventServiceAPI.swift */; };
		D80D1F291BE1DEBC00CB0F4C /* GeoServiceAPI.swift in Sources */ = {isa = PBXBuildFile; fileRef = D80D1F281BE1DEBC00CB0F4C /* GeoServiceAPI.swift */; };
		D80D1F2B1BE2246000CB0F4C /* GiftServiceAPI.swift in Sources */ = {isa = PBXBuildFile; fileRef = D80D1F2A1BE2246000CB0F4C /* GiftServiceAPI.swift */; };
		D80D1F2D1BE23F2C00CB0F4C /* PhotoGalleryServiceAPI.swift in Sources */ = {isa = PBXBuildFile; fileRef = D80D1F2C1BE23F2C00CB0F4C /* PhotoGalleryServiceAPI.swift */; };
		D80D1F2F1BE3542000CB0F4C /* RecommenderServiceAPI.swift in Sources */ = {isa = PBXBuildFile; fileRef = D80D1F2E1BE3542000CB0F4C /* RecommenderServiceAPI.swift */; };
		D80D1F311BE3647000CB0F4C /* CartServiceAPI.swift in Sources */ = {isa = PBXBuildFile; fileRef = D80D1F301BE3647000CB0F4C /* CartServiceAPI.swift */; };
		D80D1F331BE397C600CB0F4C /* SocialServiceAPI.swift in Sources */ = {isa = PBXBuildFile; fileRef = D80D1F321BE397C600CB0F4C /* SocialServiceAPI.swift */; };
		D815ABA21A5D039B0040E29E /* PushNotificationServiceAPI.swift in Sources */ = {isa = PBXBuildFile; fileRef = D815AB9D1A5D039B0040E29E /* PushNotificationServiceAPI.swift */; };
		D815ABA31A5D039B0040E29E /* RewardServiceAPI.swift in Sources */ = {isa = PBXBuildFile; fileRef = D815AB9E1A5D039B0040E29E /* RewardServiceAPI.swift */; };
		D815ABA41A5D039B0040E29E /* ScoreboardServiceAPI.swift in Sources */ = {isa = PBXBuildFile; fileRef = D815AB9F1A5D039B0040E29E /* ScoreboardServiceAPI.swift */; };
		D815ABA51A5D039B0040E29E /* StorageServiceAPI.swift in Sources */ = {isa = PBXBuildFile; fileRef = D815ABA01A5D039B0040E29E /* StorageServiceAPI.swift */; };
		D8386F521BE5F11C00AE66A5 /* ReviewServiceAPI.swift in Sources */ = {isa = PBXBuildFile; fileRef = D8386F511BE5F11C00AE66A5 /* ReviewServiceAPI.swift */; };
		D8D140871BE7837700B18550 /* ABTestServiceAPI.swift in Sources */ = {isa = PBXBuildFile; fileRef = D8D140861BE7837700B18550 /* ABTestServiceAPI.swift */; };
		D8D140891BE8763200B18550 /* SessionServiceAPI.swift in Sources */ = {isa = PBXBuildFile; fileRef = D8D140881BE8763200B18550 /* SessionServiceAPI.swift */; };
		D8DF14441BD7B1440050C117 /* BuddyServiceAPI.swift in Sources */ = {isa = PBXBuildFile; fileRef = D8DF14431BD7B1440050C117 /* BuddyServiceAPI.swift */; };
/* End PBXBuildFile section */

/* Begin PBXContainerItemProxy section */
		5D98F24C1A40603B004FE767 /* PBXContainerItemProxy */ = {
			isa = PBXContainerItemProxy;
			containerPortal = 5D98F22E1A40603A004FE767 /* Project object */;
			proxyType = 1;
			remoteGlobalIDString = 5D98F2351A40603A004FE767;
			remoteInfo = App42APISwiftSample;
		};
/* End PBXContainerItemProxy section */

/* Begin PBXFileReference section */
		5D087A321B1D92FB00B9EC94 /* GameServiceAPI.swift */ = {isa = PBXFileReference; fileEncoding = 4; lastKnownFileType = sourcecode.swift; path = GameServiceAPI.swift; sourceTree = "<group>"; };
		5D0A9C441B20346000491A4C /* UploadServiceAPI.swift */ = {isa = PBXFileReference; fileEncoding = 4; lastKnownFileType = sourcecode.swift; path = UploadServiceAPI.swift; sourceTree = "<group>"; };
		5D2357471BC422040013BE53 /* CatalogueServiceAPI.swift */ = {isa = PBXFileReference; fileEncoding = 4; lastKnownFileType = sourcecode.swift; path = CatalogueServiceAPI.swift; sourceTree = "<group>"; };
		5D270DED1C99941600D24028 /* ABC.swift */ = {isa = PBXFileReference; fileEncoding = 4; lastKnownFileType = sourcecode.swift; path = ABC.swift; sourceTree = "<group>"; };
		5D63B2801C6E1F2600E7D8A5 /* Shephertz_App42_iOS_API.framework */ = {isa = PBXFileReference; lastKnownFileType = wrapper.framework; path = Shephertz_App42_iOS_API.framework; sourceTree = "<group>"; };
		5D9781A51A43FF50000F1003 /* App42ServiceList.swift */ = {isa = PBXFileReference; fileEncoding = 4; lastKnownFileType = sourcecode.swift; path = App42ServiceList.swift; sourceTree = "<group>"; };
		5D9781A71A43FF94000F1003 /* App42Services.plist */ = {isa = PBXFileReference; fileEncoding = 4; lastKnownFileType = text.plist.xml; path = App42Services.plist; sourceTree = "<group>"; };
		5D98F2361A40603A004FE767 /* App42APISwiftSample.app */ = {isa = PBXFileReference; explicitFileType = wrapper.application; includeInIndex = 0; path = App42APISwiftSample.app; sourceTree = BUILT_PRODUCTS_DIR; };
		5D98F23A1A40603A004FE767 /* Info.plist */ = {isa = PBXFileReference; lastKnownFileType = text.plist.xml; path = Info.plist; sourceTree = "<group>"; };
		5D98F23B1A40603A004FE767 /* AppDelegate.swift */ = {isa = PBXFileReference; lastKnownFileType = sourcecode.swift; path = AppDelegate.swift; sourceTree = "<group>"; };
		5D98F2401A40603A004FE767 /* Base */ = {isa = PBXFileReference; lastKnownFileType = file.storyboard; name = Base; path = Base.lproj/Main.storyboard; sourceTree = "<group>"; };
		5D98F2421A40603A004FE767 /* Images.xcassets */ = {isa = PBXFileReference; lastKnownFileType = folder.assetcatalog; path = Images.xcassets; sourceTree = "<group>"; };
		5D98F2451A40603A004FE767 /* Base */ = {isa = PBXFileReference; lastKnownFileType = file.xib; name = Base; path = Base.lproj/LaunchScreen.xib; sourceTree = "<group>"; };
		5D98F24B1A40603B004FE767 /* App42APISwiftSampleTests.xctest */ = {isa = PBXFileReference; explicitFileType = wrapper.cfbundle; includeInIndex = 0; path = App42APISwiftSampleTests.xctest; sourceTree = BUILT_PRODUCTS_DIR; };
		5D98F2501A40603B004FE767 /* Info.plist */ = {isa = PBXFileReference; lastKnownFileType = text.plist.xml; path = Info.plist; sourceTree = "<group>"; };
		5D98F2511A40603B004FE767 /* App42APISwiftSampleTests.swift */ = {isa = PBXFileReference; lastKnownFileType = sourcecode.swift; path = App42APISwiftSampleTests.swift; sourceTree = "<group>"; };
		5D98F25D1A4061D0004FE767 /* App42APISwiftSample-Bridging-Header.h */ = {isa = PBXFileReference; lastKnownFileType = sourcecode.c.h; path = "App42APISwiftSample-Bridging-Header.h"; sourceTree = "<group>"; };
		5D98F2611A406B2F004FE767 /* CoreTelephony.framework */ = {isa = PBXFileReference; lastKnownFileType = wrapper.framework; name = CoreTelephony.framework; path = System/Library/Frameworks/CoreTelephony.framework; sourceTree = SDKROOT; };
		5D98F2631A406B3B004FE767 /* SystemConfiguration.framework */ = {isa = PBXFileReference; lastKnownFileType = wrapper.framework; name = SystemConfiguration.framework; path = System/Library/Frameworks/SystemConfiguration.framework; sourceTree = SDKROOT; };
		5DBAFA091BC531AF0085C22E /* MessageServiceAPI.swift */ = {isa = PBXFileReference; fileEncoding = 4; lastKnownFileType = sourcecode.swift; path = MessageServiceAPI.swift; sourceTree = "<group>"; };
		5DD86B6E1A4812B100D6B84F /* UserServiceAPI.swift */ = {isa = PBXFileReference; fileEncoding = 4; lastKnownFileType = sourcecode.swift; path = UserServiceAPI.swift; sourceTree = "<group>"; };
		5DD9A1721A42BAA70045B5D9 /* CoreFoundation.framework */ = {isa = PBXFileReference; lastKnownFileType = wrapper.framework; name = CoreFoundation.framework; path = System/Library/Frameworks/CoreFoundation.framework; sourceTree = SDKROOT; };
		5DFCFF501BC919B300075C6D /* AchievementServiceAPI.swift */ = {isa = PBXFileReference; fileEncoding = 4; lastKnownFileType = sourcecode.swift; path = AchievementServiceAPI.swift; sourceTree = "<group>"; };
		5DFCFF521BCA86F800075C6D /* TimerServiceAPI.swift */ = {isa = PBXFileReference; fileEncoding = 4; lastKnownFileType = sourcecode.swift; path = TimerServiceAPI.swift; sourceTree = "<group>"; };
		D80D1F1C1BE095E500CB0F4C /* LoggingServiceAPI.swift */ = {isa = PBXFileReference; fileEncoding = 4; lastKnownFileType = sourcecode.swift; path = LoggingServiceAPI.swift; sourceTree = "<group>"; };
		D80D1F1E1BE0EF9700CB0F4C /* AvatarServiceAPI.swift */ = {isa = PBXFileReference; fileEncoding = 4; lastKnownFileType = sourcecode.swift; path = AvatarServiceAPI.swift; sourceTree = "<group>"; };
		D80D1F201BE0F71F00CB0F4C /* Image.png */ = {isa = PBXFileReference; lastKnownFileType = image.png; path = Image.png; sourceTree = "<group>"; };
		D80D1F221BE152F100CB0F4C /* CustomCodeServiceAPI.swift */ = {isa = PBXFileReference; fileEncoding = 4; lastKnownFileType = sourcecode.swift; path = CustomCodeServiceAPI.swift; sourceTree = "<group>"; };
		D80D1F241BE1550A00CB0F4C /* EmailServiceAPI.swift */ = {isa = PBXFileReference; fileEncoding = 4; lastKnownFileType = sourcecode.swift; name = EmailServiceAPI.swift; path = ../EmailServiceAPI.swift; sourceTree = "<group>"; };
		D80D1F261BE163A100CB0F4C /* EventServiceAPI.swift */ = {isa = PBXFileReference; fileEncoding = 4; lastKnownFileType = sourcecode.swift; path = EventServiceAPI.swift; sourceTree = "<group>"; };
		D80D1F281BE1DEBC00CB0F4C /* GeoServiceAPI.swift */ = {isa = PBXFileReference; fileEncoding = 4; lastKnownFileType = sourcecode.swift; path = GeoServiceAPI.swift; sourceTree = "<group>"; };
		D80D1F2A1BE2246000CB0F4C /* GiftServiceAPI.swift */ = {isa = PBXFileReference; fileEncoding = 4; lastKnownFileType = sourcecode.swift; path = GiftServiceAPI.swift; sourceTree = "<group>"; };
		D80D1F2C1BE23F2C00CB0F4C /* PhotoGalleryServiceAPI.swift */ = {isa = PBXFileReference; fileEncoding = 4; lastKnownFileType = sourcecode.swift; path = PhotoGalleryServiceAPI.swift; sourceTree = "<group>"; };
		D80D1F2E1BE3542000CB0F4C /* RecommenderServiceAPI.swift */ = {isa = PBXFileReference; fileEncoding = 4; lastKnownFileType = sourcecode.swift; path = RecommenderServiceAPI.swift; sourceTree = "<group>"; };
		D80D1F301BE3647000CB0F4C /* CartServiceAPI.swift */ = {isa = PBXFileReference; fileEncoding = 4; lastKnownFileType = sourcecode.swift; path = CartServiceAPI.swift; sourceTree = "<group>"; };
		D80D1F321BE397C600CB0F4C /* SocialServiceAPI.swift */ = {isa = PBXFileReference; fileEncoding = 4; lastKnownFileType = sourcecode.swift; path = SocialServiceAPI.swift; sourceTree = "<group>"; };
		D815AB9D1A5D039B0040E29E /* PushNotificationServiceAPI.swift */ = {isa = PBXFileReference; fileEncoding = 4; lastKnownFileType = sourcecode.swift; path = PushNotificationServiceAPI.swift; sourceTree = "<group>"; };
		D815AB9E1A5D039B0040E29E /* RewardServiceAPI.swift */ = {isa = PBXFileReference; fileEncoding = 4; lastKnownFileType = sourcecode.swift; path = RewardServiceAPI.swift; sourceTree = "<group>"; };
		D815AB9F1A5D039B0040E29E /* ScoreboardServiceAPI.swift */ = {isa = PBXFileReference; fileEncoding = 4; lastKnownFileType = sourcecode.swift; path = ScoreboardServiceAPI.swift; sourceTree = "<group>"; };
		D815ABA01A5D039B0040E29E /* StorageServiceAPI.swift */ = {isa = PBXFileReference; fileEncoding = 4; lastKnownFileType = sourcecode.swift; path = StorageServiceAPI.swift; sourceTree = "<group>"; };
		D8386F511BE5F11C00AE66A5 /* ReviewServiceAPI.swift */ = {isa = PBXFileReference; fileEncoding = 4; lastKnownFileType = sourcecode.swift; path = ReviewServiceAPI.swift; sourceTree = "<group>"; };
		D8D140861BE7837700B18550 /* ABTestServiceAPI.swift */ = {isa = PBXFileReference; fileEncoding = 4; lastKnownFileType = sourcecode.swift; path = ABTestServiceAPI.swift; sourceTree = "<group>"; };
		D8D140881BE8763200B18550 /* SessionServiceAPI.swift */ = {isa = PBXFileReference; fileEncoding = 4; lastKnownFileType = sourcecode.swift; path = SessionServiceAPI.swift; sourceTree = "<group>"; };
		D8DF14431BD7B1440050C117 /* BuddyServiceAPI.swift */ = {isa = PBXFileReference; fileEncoding = 4; lastKnownFileType = sourcecode.swift; path = BuddyServiceAPI.swift; sourceTree = "<group>"; };
/* End PBXFileReference section */

/* Begin PBXFrameworksBuildPhase section */
		5D98F2331A40603A004FE767 /* Frameworks */ = {
			isa = PBXFrameworksBuildPhase;
			buildActionMask = 2147483647;
			files = (
				5DD9A1731A42BAA70045B5D9 /* CoreFoundation.framework in Frameworks */,
				5D63B2811C6E1F2600E7D8A5 /* Shephertz_App42_iOS_API.framework in Frameworks */,
				5D98F2641A406B3B004FE767 /* SystemConfiguration.framework in Frameworks */,
				5D98F2621A406B2F004FE767 /* CoreTelephony.framework in Frameworks */,
			);
			runOnlyForDeploymentPostprocessing = 0;
		};
		5D98F2481A40603B004FE767 /* Frameworks */ = {
			isa = PBXFrameworksBuildPhase;
			buildActionMask = 2147483647;
			files = (
			);
			runOnlyForDeploymentPostprocessing = 0;
		};
/* End PBXFrameworksBuildPhase section */

/* Begin PBXGroup section */
		5D98F22D1A40603A004FE767 = {
			isa = PBXGroup;
			children = (
				5D98F2381A40603A004FE767 /* App42APISwiftSample */,
				5DD9A1711A429B170045B5D9 /* Frameworks */,
				5D98F24E1A40603B004FE767 /* App42APISwiftSampleTests */,
				5D98F2371A40603A004FE767 /* Products */,
			);
			sourceTree = "<group>";
		};
		5D98F2371A40603A004FE767 /* Products */ = {
			isa = PBXGroup;
			children = (
				5D98F2361A40603A004FE767 /* App42APISwiftSample.app */,
				5D98F24B1A40603B004FE767 /* App42APISwiftSampleTests.xctest */,
			);
			name = Products;
			sourceTree = "<group>";
		};
		5D98F2381A40603A004FE767 /* App42APISwiftSample */ = {
			isa = PBXGroup;
			children = (
				5DD86B6D1A48127600D6B84F /* Tests */,
				5D98F23B1A40603A004FE767 /* AppDelegate.swift */,
				5D9781A51A43FF50000F1003 /* App42ServiceList.swift */,
				5D98F23F1A40603A004FE767 /* Main.storyboard */,
				5D98F2421A40603A004FE767 /* Images.xcassets */,
				5D98F2441A40603A004FE767 /* LaunchScreen.xib */,
				5D98F2391A40603A004FE767 /* Supporting Files */,
				5D98F25D1A4061D0004FE767 /* App42APISwiftSample-Bridging-Header.h */,
			);
			path = App42APISwiftSample;
			sourceTree = "<group>";
		};
		5D98F2391A40603A004FE767 /* Supporting Files */ = {
			isa = PBXGroup;
			children = (
				D80D1F201BE0F71F00CB0F4C /* Image.png */,
				5D9781A71A43FF94000F1003 /* App42Services.plist */,
				5D98F23A1A40603A004FE767 /* Info.plist */,
			);
			name = "Supporting Files";
			sourceTree = "<group>";
		};
		5D98F24E1A40603B004FE767 /* App42APISwiftSampleTests */ = {
			isa = PBXGroup;
			children = (
				5D98F2511A40603B004FE767 /* App42APISwiftSampleTests.swift */,
				5D98F24F1A40603B004FE767 /* Supporting Files */,
			);
			path = App42APISwiftSampleTests;
			sourceTree = "<group>";
		};
		5D98F24F1A40603B004FE767 /* Supporting Files */ = {
			isa = PBXGroup;
			children = (
				5D98F2501A40603B004FE767 /* Info.plist */,
			);
			name = "Supporting Files";
			sourceTree = "<group>";
		};
		5DD86B6D1A48127600D6B84F /* Tests */ = {
			isa = PBXGroup;
			children = (
				D815AB9D1A5D039B0040E29E /* PushNotificationServiceAPI.swift */,
				D815AB9E1A5D039B0040E29E /* RewardServiceAPI.swift */,
				D815AB9F1A5D039B0040E29E /* ScoreboardServiceAPI.swift */,
				D815ABA01A5D039B0040E29E /* StorageServiceAPI.swift */,
				5DD86B6E1A4812B100D6B84F /* UserServiceAPI.swift */,
				5D087A321B1D92FB00B9EC94 /* GameServiceAPI.swift */,
				5D0A9C441B20346000491A4C /* UploadServiceAPI.swift */,
				5D2357471BC422040013BE53 /* CatalogueServiceAPI.swift */,
				D80D1F221BE152F100CB0F4C /* CustomCodeServiceAPI.swift */,
				5DBAFA091BC531AF0085C22E /* MessageServiceAPI.swift */,
				5DFCFF501BC919B300075C6D /* AchievementServiceAPI.swift */,
				5DFCFF521BCA86F800075C6D /* TimerServiceAPI.swift */,
				D80D1F1C1BE095E500CB0F4C /* LoggingServiceAPI.swift */,
				D80D1F1E1BE0EF9700CB0F4C /* AvatarServiceAPI.swift */,
				D8DF14431BD7B1440050C117 /* BuddyServiceAPI.swift */,
				D80D1F2E1BE3542000CB0F4C /* RecommenderServiceAPI.swift */,
				D80D1F301BE3647000CB0F4C /* CartServiceAPI.swift */,
				D80D1F321BE397C600CB0F4C /* SocialServiceAPI.swift */,
				D8386F511BE5F11C00AE66A5 /* ReviewServiceAPI.swift */,
				D8D140861BE7837700B18550 /* ABTestServiceAPI.swift */,
				D8D140881BE8763200B18550 /* SessionServiceAPI.swift */,
				D80D1F241BE1550A00CB0F4C /* EmailServiceAPI.swift */,
				D80D1F261BE163A100CB0F4C /* EventServiceAPI.swift */,
				D80D1F2A1BE2246000CB0F4C /* GiftServiceAPI.swift */,
				D80D1F281BE1DEBC00CB0F4C /* GeoServiceAPI.swift */,
				D80D1F2C1BE23F2C00CB0F4C /* PhotoGalleryServiceAPI.swift */,
				5D270DED1C99941600D24028 /* ABC.swift */,
			);
			path = Tests;
			sourceTree = "<group>";
		};
		5DD9A1711A429B170045B5D9 /* Frameworks */ = {
			isa = PBXGroup;
			children = (
				5D63B2801C6E1F2600E7D8A5 /* Shephertz_App42_iOS_API.framework */,
				5DD9A1721A42BAA70045B5D9 /* CoreFoundation.framework */,
				5D98F2631A406B3B004FE767 /* SystemConfiguration.framework */,
				5D98F2611A406B2F004FE767 /* CoreTelephony.framework */,
			);
			name = Frameworks;
			sourceTree = "<group>";
		};
/* End PBXGroup section */

/* Begin PBXNativeTarget section */
		5D98F2351A40603A004FE767 /* App42APISwiftSample */ = {
			isa = PBXNativeTarget;
			buildConfigurationList = 5D98F2551A40603B004FE767 /* Build configuration list for PBXNativeTarget "App42APISwiftSample" */;
			buildPhases = (
				5D98F2321A40603A004FE767 /* Sources */,
				5D98F2331A40603A004FE767 /* Frameworks */,
				5D98F2341A40603A004FE767 /* Resources */,
			);
			buildRules = (
			);
			dependencies = (
			);
			name = App42APISwiftSample;
			productName = App42APISwiftSample;
			productReference = 5D98F2361A40603A004FE767 /* App42APISwiftSample.app */;
			productType = "com.apple.product-type.application";
		};
		5D98F24A1A40603B004FE767 /* App42APISwiftSampleTests */ = {
			isa = PBXNativeTarget;
			buildConfigurationList = 5D98F2581A40603B004FE767 /* Build configuration list for PBXNativeTarget "App42APISwiftSampleTests" */;
			buildPhases = (
				5D98F2471A40603B004FE767 /* Sources */,
				5D98F2481A40603B004FE767 /* Frameworks */,
				5D98F2491A40603B004FE767 /* Resources */,
			);
			buildRules = (
			);
			dependencies = (
				5D98F24D1A40603B004FE767 /* PBXTargetDependency */,
			);
			name = App42APISwiftSampleTests;
			productName = App42APISwiftSampleTests;
			productReference = 5D98F24B1A40603B004FE767 /* App42APISwiftSampleTests.xctest */;
			productType = "com.apple.product-type.bundle.unit-test";
		};
/* End PBXNativeTarget section */

/* Begin PBXProject section */
		5D98F22E1A40603A004FE767 /* Project object */ = {
			isa = PBXProject;
			attributes = {
				LastSwiftUpdateCheck = 0700;
				LastUpgradeCheck = 0700;
				ORGANIZATIONNAME = "Rajeev Ranjan";
				TargetAttributes = {
					5D98F2351A40603A004FE767 = {
						CreatedOnToolsVersion = 6.1.1;
					};
					5D98F24A1A40603B004FE767 = {
						CreatedOnToolsVersion = 6.1.1;
						TestTargetID = 5D98F2351A40603A004FE767;
					};
				};
			};
			buildConfigurationList = 5D98F2311A40603A004FE767 /* Build configuration list for PBXProject "App42APISwiftSample" */;
			compatibilityVersion = "Xcode 3.2";
			developmentRegion = English;
			hasScannedForEncodings = 0;
			knownRegions = (
				en,
				Base,
			);
			mainGroup = 5D98F22D1A40603A004FE767;
			productRefGroup = 5D98F2371A40603A004FE767 /* Products */;
			projectDirPath = "";
			projectRoot = "";
			targets = (
				5D98F2351A40603A004FE767 /* App42APISwiftSample */,
				5D98F24A1A40603B004FE767 /* App42APISwiftSampleTests */,
			);
		};
/* End PBXProject section */

/* Begin PBXResourcesBuildPhase section */
		5D98F2341A40603A004FE767 /* Resources */ = {
			isa = PBXResourcesBuildPhase;
			buildActionMask = 2147483647;
			files = (
				5D9781A81A43FF94000F1003 /* App42Services.plist in Resources */,
				D80D1F211BE0F71F00CB0F4C /* Image.png in Resources */,
				5D98F2411A40603A004FE767 /* Main.storyboard in Resources */,
				5D98F2461A40603A004FE767 /* LaunchScreen.xib in Resources */,
				5D98F2431A40603A004FE767 /* Images.xcassets in Resources */,
			);
			runOnlyForDeploymentPostprocessing = 0;
		};
		5D98F2491A40603B004FE767 /* Resources */ = {
			isa = PBXResourcesBuildPhase;
			buildActionMask = 2147483647;
			files = (
			);
			runOnlyForDeploymentPostprocessing = 0;
		};
/* End PBXResourcesBuildPhase section */

/* Begin PBXSourcesBuildPhase section */
		5D98F2321A40603A004FE767 /* Sources */ = {
			isa = PBXSourcesBuildPhase;
			buildActionMask = 2147483647;
			files = (
				D80D1F2D1BE23F2C00CB0F4C /* PhotoGalleryServiceAPI.swift in Sources */,
				D815ABA41A5D039B0040E29E /* ScoreboardServiceAPI.swift in Sources */,
				D8386F521BE5F11C00AE66A5 /* ReviewServiceAPI.swift in Sources */,
				D815ABA21A5D039B0040E29E /* PushNotificationServiceAPI.swift in Sources */,
				5DBAFA0A1BC531AF0085C22E /* MessageServiceAPI.swift in Sources */,
				D80D1F311BE3647000CB0F4C /* CartServiceAPI.swift in Sources */,
				D815ABA51A5D039B0040E29E /* StorageServiceAPI.swift in Sources */,
				5D9781A61A43FF50000F1003 /* App42ServiceList.swift in Sources */,
				5D270DEE1C99941600D24028 /* ABC.swift in Sources */,
				D8D140871BE7837700B18550 /* ABTestServiceAPI.swift in Sources */,
				D8D140891BE8763200B18550 /* SessionServiceAPI.swift in Sources */,
				5D2357481BC422040013BE53 /* CatalogueServiceAPI.swift in Sources */,
				5D087A331B1D92FB00B9EC94 /* GameServiceAPI.swift in Sources */,
				5D0A9C451B20346000491A4C /* UploadServiceAPI.swift in Sources */,
				5DFCFF531BCA86F800075C6D /* TimerServiceAPI.swift in Sources */,
				D80D1F2B1BE2246000CB0F4C /* GiftServiceAPI.swift in Sources */,
				D80D1F331BE397C600CB0F4C /* SocialServiceAPI.swift in Sources */,
				D8DF14441BD7B1440050C117 /* BuddyServiceAPI.swift in Sources */,
				5DD86B6F1A4812B100D6B84F /* UserServiceAPI.swift in Sources */,
				D80D1F1D1BE095E500CB0F4C /* LoggingServiceAPI.swift in Sources */,
				D80D1F291BE1DEBC00CB0F4C /* GeoServiceAPI.swift in Sources */,
				5D98F23C1A40603A004FE767 /* AppDelegate.swift in Sources */,
				D80D1F231BE152F100CB0F4C /* CustomCodeServiceAPI.swift in Sources */,
				5DFCFF511BC919B300075C6D /* AchievementServiceAPI.swift in Sources */,
				D80D1F271BE163A100CB0F4C /* EventServiceAPI.swift in Sources */,
				D80D1F1F1BE0EF9700CB0F4C /* AvatarServiceAPI.swift in Sources */,
				D80D1F2F1BE3542000CB0F4C /* RecommenderServiceAPI.swift in Sources */,
				D815ABA31A5D039B0040E29E /* RewardServiceAPI.swift in Sources */,
				D80D1F251BE1550A00CB0F4C /* EmailServiceAPI.swift in Sources */,
			);
			runOnlyForDeploymentPostprocessing = 0;
		};
		5D98F2471A40603B004FE767 /* Sources */ = {
			isa = PBXSourcesBuildPhase;
			buildActionMask = 2147483647;
			files = (
				5D98F2521A40603B004FE767 /* App42APISwiftSampleTests.swift in Sources */,
			);
			runOnlyForDeploymentPostprocessing = 0;
		};
/* End PBXSourcesBuildPhase section */

/* Begin PBXTargetDependency section */
		5D98F24D1A40603B004FE767 /* PBXTargetDependency */ = {
			isa = PBXTargetDependency;
			target = 5D98F2351A40603A004FE767 /* App42APISwiftSample */;
			targetProxy = 5D98F24C1A40603B004FE767 /* PBXContainerItemProxy */;
		};
/* End PBXTargetDependency section */

/* Begin PBXVariantGroup section */
		5D98F23F1A40603A004FE767 /* Main.storyboard */ = {
			isa = PBXVariantGroup;
			children = (
				5D98F2401A40603A004FE767 /* Base */,
			);
			name = Main.storyboard;
			sourceTree = "<group>";
		};
		5D98F2441A40603A004FE767 /* LaunchScreen.xib */ = {
			isa = PBXVariantGroup;
			children = (
				5D98F2451A40603A004FE767 /* Base */,
			);
			name = LaunchScreen.xib;
			sourceTree = "<group>";
		};
/* End PBXVariantGroup section */

/* Begin XCBuildConfiguration section */
		5D98F2531A40603B004FE767 /* Debug */ = {
			isa = XCBuildConfiguration;
			buildSettings = {
				ALWAYS_SEARCH_USER_PATHS = NO;
				CLANG_CXX_LANGUAGE_STANDARD = "gnu++0x";
				CLANG_CXX_LIBRARY = "libc++";
				CLANG_ENABLE_MODULES = YES;
				CLANG_ENABLE_OBJC_ARC = YES;
				CLANG_WARN_BOOL_CONVERSION = YES;
				CLANG_WARN_CONSTANT_CONVERSION = YES;
				CLANG_WARN_DIRECT_OBJC_ISA_USAGE = YES_ERROR;
				CLANG_WARN_EMPTY_BODY = YES;
				CLANG_WARN_ENUM_CONVERSION = YES;
				CLANG_WARN_INT_CONVERSION = YES;
				CLANG_WARN_OBJC_ROOT_CLASS = YES_ERROR;
				CLANG_WARN_UNREACHABLE_CODE = YES;
				CLANG_WARN__DUPLICATE_METHOD_MATCH = YES;
				"CODE_SIGN_IDENTITY[sdk=iphoneos*]" = "iPhone Developer";
				COPY_PHASE_STRIP = NO;
				ENABLE_STRICT_OBJC_MSGSEND = YES;
				ENABLE_TESTABILITY = YES;
				GCC_C_LANGUAGE_STANDARD = gnu99;
				GCC_DYNAMIC_NO_PIC = NO;
				GCC_OPTIMIZATION_LEVEL = 0;
				GCC_PREPROCESSOR_DEFINITIONS = (
					"DEBUG=1",
					"$(inherited)",
				);
				GCC_SYMBOLS_PRIVATE_EXTERN = NO;
				GCC_WARN_64_TO_32_BIT_CONVERSION = YES;
				GCC_WARN_ABOUT_RETURN_TYPE = YES_ERROR;
				GCC_WARN_UNDECLARED_SELECTOR = YES;
				GCC_WARN_UNINITIALIZED_AUTOS = YES_AGGRESSIVE;
				GCC_WARN_UNUSED_FUNCTION = YES;
				GCC_WARN_UNUSED_VARIABLE = YES;
				IPHONEOS_DEPLOYMENT_TARGET = 7.0;
				MTL_ENABLE_DEBUG_INFO = YES;
				ONLY_ACTIVE_ARCH = YES;
				SDKROOT = iphoneos;
				SWIFT_OPTIMIZATION_LEVEL = "-Onone";
				TARGETED_DEVICE_FAMILY = "1,2";
			};
			name = Debug;
		};
		5D98F2541A40603B004FE767 /* Release */ = {
			isa = XCBuildConfiguration;
			buildSettings = {
				ALWAYS_SEARCH_USER_PATHS = NO;
				CLANG_CXX_LANGUAGE_STANDARD = "gnu++0x";
				CLANG_CXX_LIBRARY = "libc++";
				CLANG_ENABLE_MODULES = YES;
				CLANG_ENABLE_OBJC_ARC = YES;
				CLANG_WARN_BOOL_CONVERSION = YES;
				CLANG_WARN_CONSTANT_CONVERSION = YES;
				CLANG_WARN_DIRECT_OBJC_ISA_USAGE = YES_ERROR;
				CLANG_WARN_EMPTY_BODY = YES;
				CLANG_WARN_ENUM_CONVERSION = YES;
				CLANG_WARN_INT_CONVERSION = YES;
				CLANG_WARN_OBJC_ROOT_CLASS = YES_ERROR;
				CLANG_WARN_UNREACHABLE_CODE = YES;
				CLANG_WARN__DUPLICATE_METHOD_MATCH = YES;
				"CODE_SIGN_IDENTITY[sdk=iphoneos*]" = "iPhone Developer";
				COPY_PHASE_STRIP = YES;
				ENABLE_NS_ASSERTIONS = NO;
				ENABLE_STRICT_OBJC_MSGSEND = YES;
				GCC_C_LANGUAGE_STANDARD = gnu99;
				GCC_WARN_64_TO_32_BIT_CONVERSION = YES;
				GCC_WARN_ABOUT_RETURN_TYPE = YES_ERROR;
				GCC_WARN_UNDECLARED_SELECTOR = YES;
				GCC_WARN_UNINITIALIZED_AUTOS = YES_AGGRESSIVE;
				GCC_WARN_UNUSED_FUNCTION = YES;
				GCC_WARN_UNUSED_VARIABLE = YES;
				IPHONEOS_DEPLOYMENT_TARGET = 7.0;
				MTL_ENABLE_DEBUG_INFO = NO;
				SDKROOT = iphoneos;
				TARGETED_DEVICE_FAMILY = "1,2";
				VALIDATE_PRODUCT = YES;
			};
			name = Release;
		};
		5D98F2561A40603B004FE767 /* Debug */ = {
			isa = XCBuildConfiguration;
			buildSettings = {
				ASSETCATALOG_COMPILER_APPICON_NAME = AppIcon;
				CLANG_ENABLE_MODULES = YES;
				CODE_SIGN_IDENTITY = "iPhone Developer";
				FRAMEWORK_SEARCH_PATHS = (
					"$(inherited)",
					"$(PROJECT_DIR)",
				);
				INFOPLIST_FILE = App42APISwiftSample/Info.plist;
				IPHONEOS_DEPLOYMENT_TARGET = 8.0;
				LD_RUNPATH_SEARCH_PATHS = "$(inherited) @executable_path/Frameworks";
				PRODUCT_BUNDLE_IDENTIFIER = "Shephertz.$(PRODUCT_NAME:rfc1034identifier)";
				PRODUCT_NAME = "$(TARGET_NAME)";
				SWIFT_OBJC_BRIDGING_HEADER = "App42APISwiftSample/App42APISwiftSample-Bridging-Header.h";
				SWIFT_OPTIMIZATION_LEVEL = "-Onone";
				TARGETED_DEVICE_FAMILY = "1,2";
			};
			name = Debug;
		};
		5D98F2571A40603B004FE767 /* Release */ = {
			isa = XCBuildConfiguration;
			buildSettings = {
				ASSETCATALOG_COMPILER_APPICON_NAME = AppIcon;
				CLANG_ENABLE_MODULES = YES;
				CODE_SIGN_IDENTITY = "iPhone Developer";
				FRAMEWORK_SEARCH_PATHS = (
					"$(inherited)",
					"$(PROJECT_DIR)",
				);
				INFOPLIST_FILE = App42APISwiftSample/Info.plist;
				IPHONEOS_DEPLOYMENT_TARGET = 8.0;
				LD_RUNPATH_SEARCH_PATHS = "$(inherited) @executable_path/Frameworks";
				PRODUCT_BUNDLE_IDENTIFIER = "Shephertz.$(PRODUCT_NAME:rfc1034identifier)";
				PRODUCT_NAME = "$(TARGET_NAME)";
				SWIFT_OBJC_BRIDGING_HEADER = "App42APISwiftSample/App42APISwiftSample-Bridging-Header.h";
				TARGETED_DEVICE_FAMILY = "1,2";
			};
			name = Release;
		};
		5D98F2591A40603B004FE767 /* Debug */ = {
			isa = XCBuildConfiguration;
			buildSettings = {
				BUNDLE_LOADER = "$(TEST_HOST)";
				FRAMEWORK_SEARCH_PATHS = (
					"$(SDKROOT)/Developer/Library/Frameworks",
					"$(inherited)",
				);
				GCC_PREPROCESSOR_DEFINITIONS = (
					"DEBUG=1",
					"$(inherited)",
				);
				INFOPLIST_FILE = App42APISwiftSampleTests/Info.plist;
				LD_RUNPATH_SEARCH_PATHS = "$(inherited) @executable_path/Frameworks @loader_path/Frameworks";
				PRODUCT_BUNDLE_IDENTIFIER = "Shephertz.$(PRODUCT_NAME:rfc1034identifier)";
				PRODUCT_NAME = "$(TARGET_NAME)";
				TEST_HOST = "$(BUILT_PRODUCTS_DIR)/App42APISwiftSample.app/App42APISwiftSample";
			};
			name = Debug;
		};
		5D98F25A1A40603B004FE767 /* Release */ = {
			isa = XCBuildConfiguration;
			buildSettings = {
				BUNDLE_LOADER = "$(TEST_HOST)";
				FRAMEWORK_SEARCH_PATHS = (
					"$(SDKROOT)/Developer/Library/Frameworks",
					"$(inherited)",
				);
				INFOPLIST_FILE = App42APISwiftSampleTests/Info.plist;
				LD_RUNPATH_SEARCH_PATHS = "$(inherited) @executable_path/Frameworks @loader_path/Frameworks";
				PRODUCT_BUNDLE_IDENTIFIER = "Shephertz.$(PRODUCT_NAME:rfc1034identifier)";
				PRODUCT_NAME = "$(TARGET_NAME)";
				TEST_HOST = "$(BUILT_PRODUCTS_DIR)/App42APISwiftSample.app/App42APISwiftSample";
			};
			name = Release;
		};
/* End XCBuildConfiguration section */

/* Begin XCConfigurationList section */
		5D98F2311A40603A004FE767 /* Build configuration list for PBXProject "App42APISwiftSample" */ = {
			isa = XCConfigurationList;
			buildConfigurations = (
				5D98F2531A40603B004FE767 /* Debug */,
				5D98F2541A40603B004FE767 /* Release */,
			);
			defaultConfigurationIsVisible = 0;
			defaultConfigurationName = Release;
		};
		5D98F2551A40603B004FE767 /* Build configuration list for PBXNativeTarget "App42APISwiftSample" */ = {
			isa = XCConfigurationList;
			buildConfigurations = (
				5D98F2561A40603B004FE767 /* Debug */,
				5D98F2571A40603B004FE767 /* Release */,
			);
			defaultConfigurationIsVisible = 0;
			defaultConfigurationName = Release;
		};
		5D98F2581A40603B004FE767 /* Build configuration list for PBXNativeTarget "App42APISwiftSampleTests" */ = {
			isa = XCConfigurationList;
			buildConfigurations = (
				5D98F2591A40603B004FE767 /* Debug */,
				5D98F25A1A40603B004FE767 /* Release */,
			);
			defaultConfigurationIsVisible = 0;
			defaultConfigurationName = Release;
		};
/* End XCConfigurationList section */
	};
	rootObject = 5D98F22E1A40603A004FE767 /* Project object */;
}
